
Microsoft Visual Studio Solution File, Format Version 12.00
# Visual Studio Version 17
VisualStudioVersion = 17.2.32516.85
MinimumVisualStudioVersion = 10.0.40219.1
Project("{FAE04EC0-301F-11D3-BF4B-00C04F79EFBC}") = "WindowsFormsApp1", "WindowsFormsApp1\WindowsFormsApp1.csproj", "{EEBE00AF-449C-4FDE-BFB5-5BC5A603C507}"
EndProject
Global
	GlobalSection(SolutionConfigurationPlatforms) = preSolution
		Debug|Any CPU = Debug|Any CPU
		Release|Any CPU = Release|Any CPU
	EndGlobalSection
	GlobalSection(ProjectConfigurationPlatforms) = postSolution
		{EEBE00AF-449C-4FDE-BFB5-5BC5A603C507}.Debug|Any CPU.ActiveCfg = Debug|Any CPU
		{EEBE00AF-449C-4FDE-BFB5-5BC5A603C507}.Debug|Any CPU.Build.0 = Debug|Any CPU
		{EEBE00AF-449C-4FDE-BFB5-5BC5A603C507}.Release|Any CPU.ActiveCfg = Release|Any CPU
		{EEBE00AF-449C-4FDE-BFB5-5BC5A603C507}.Release|Any CPU.Build.0 = Release|Any CPU
	EndGlobalSection
	GlobalSection(SolutionProperties) = preSolution
		HideSolutionNode = FALSE
	EndGlobalSection
	GlobalSection(ExtensibilityGlobals) = postSolution
		SolutionGuid = {1D7ADFDE-E814-4A7A-91C0-4310BDAAE841}
	EndGlobalSection
EndGlobal
